
Microsoft Visual Studio Solution File, Format Version 12.00
# Visual Studio 2012
Project("{FAE04EC0-301F-11D3-BF4B-00C04F79EFBC}") = "Examen", "Examen\Examen.csproj", "{AF28F01F-CF14-4126-B59A-FF94F3EDDB37}"
EndProject
Project("{FAE04EC0-301F-11D3-BF4B-00C04F79EFBC}") = "Domain", "Domain\Domain.csproj", "{84BC6711-9613-4305-9345-60E6831B7907}"
EndProject
Project("{FAE04EC0-301F-11D3-BF4B-00C04F79EFBC}") = "WebStoreWcf", "WebStoreWcf\WebStoreWcf.csproj", "{95B091A4-D19E-4E2D-9513-EBB7B150828F}"
EndProject
Project("{FAE04EC0-301F-11D3-BF4B-00C04F79EFBC}") = "WebStore", "WebStore\WebStore.csproj", "{62EEA83C-08B0-447A-8860-BCD8454F4641}"
EndProject
Project("{FAE04EC0-301F-11D3-BF4B-00C04F79EFBC}") = "Infrastructure", "Infrastructure\Infrastructure.csproj", "{8878DFF4-F1A5-4342-95A5-F32519C3E816}"
EndProject
Project("{FAE04EC0-301F-11D3-BF4B-00C04F79EFBC}") = "Core", "Core\Core.csproj", "{68695AB4-659F-42D9-86E5-8CD996DB6B85}"
EndProject
Project("{2150E333-8FDC-42A3-9474-1A3956D46DE8}") = "Ex", "Ex", "{44315A95-0586-4063-B4F8-0E65213AF730}"
EndProject
Global
	GlobalSection(SolutionConfigurationPlatforms) = preSolution
		Debug|Any CPU = Debug|Any CPU
		Release|Any CPU = Release|Any CPU
	EndGlobalSection
	GlobalSection(ProjectConfigurationPlatforms) = postSolution
		{AF28F01F-CF14-4126-B59A-FF94F3EDDB37}.Debug|Any CPU.ActiveCfg = Debug|Any CPU
		{AF28F01F-CF14-4126-B59A-FF94F3EDDB37}.Debug|Any CPU.Build.0 = Debug|Any CPU
		{AF28F01F-CF14-4126-B59A-FF94F3EDDB37}.Release|Any CPU.ActiveCfg = Release|Any CPU
		{AF28F01F-CF14-4126-B59A-FF94F3EDDB37}.Release|Any CPU.Build.0 = Release|Any CPU
		{84BC6711-9613-4305-9345-60E6831B7907}.Debug|Any CPU.ActiveCfg = Debug|Any CPU
		{84BC6711-9613-4305-9345-60E6831B7907}.Debug|Any CPU.Build.0 = Debug|Any CPU
		{84BC6711-9613-4305-9345-60E6831B7907}.Release|Any CPU.ActiveCfg = Release|Any CPU
		{84BC6711-9613-4305-9345-60E6831B7907}.Release|Any CPU.Build.0 = Release|Any CPU
		{95B091A4-D19E-4E2D-9513-EBB7B150828F}.Debug|Any CPU.ActiveCfg = Debug|Any CPU
		{95B091A4-D19E-4E2D-9513-EBB7B150828F}.Debug|Any CPU.Build.0 = Debug|Any CPU
		{95B091A4-D19E-4E2D-9513-EBB7B150828F}.Release|Any CPU.ActiveCfg = Release|Any CPU
		{95B091A4-D19E-4E2D-9513-EBB7B150828F}.Release|Any CPU.Build.0 = Release|Any CPU
		{62EEA83C-08B0-447A-8860-BCD8454F4641}.Debug|Any CPU.ActiveCfg = Debug|Any CPU
		{62EEA83C-08B0-447A-8860-BCD8454F4641}.Debug|Any CPU.Build.0 = Debug|Any CPU
		{62EEA83C-08B0-447A-8860-BCD8454F4641}.Release|Any CPU.ActiveCfg = Release|Any CPU
		{62EEA83C-08B0-447A-8860-BCD8454F4641}.Release|Any CPU.Build.0 = Release|Any CPU
		{8878DFF4-F1A5-4342-95A5-F32519C3E816}.Debug|Any CPU.ActiveCfg = Debug|Any CPU
		{8878DFF4-F1A5-4342-95A5-F32519C3E816}.Debug|Any CPU.Build.0 = Debug|Any CPU
		{8878DFF4-F1A5-4342-95A5-F32519C3E816}.Release|Any CPU.ActiveCfg = Release|Any CPU
		{8878DFF4-F1A5-4342-95A5-F32519C3E816}.Release|Any CPU.Build.0 = Release|Any CPU
		{68695AB4-659F-42D9-86E5-8CD996DB6B85}.Debug|Any CPU.ActiveCfg = Debug|Any CPU
		{68695AB4-659F-42D9-86E5-8CD996DB6B85}.Debug|Any CPU.Build.0 = Debug|Any CPU
		{68695AB4-659F-42D9-86E5-8CD996DB6B85}.Release|Any CPU.ActiveCfg = Release|Any CPU
		{68695AB4-659F-42D9-86E5-8CD996DB6B85}.Release|Any CPU.Build.0 = Release|Any CPU
	EndGlobalSection
	GlobalSection(SolutionProperties) = preSolution
		HideSolutionNode = FALSE
	EndGlobalSection
	GlobalSection(NestedProjects) = preSolution
		{62EEA83C-08B0-447A-8860-BCD8454F4641} = {44315A95-0586-4063-B4F8-0E65213AF730}
		{95B091A4-D19E-4E2D-9513-EBB7B150828F} = {44315A95-0586-4063-B4F8-0E65213AF730}
		{8878DFF4-F1A5-4342-95A5-F32519C3E816} = {44315A95-0586-4063-B4F8-0E65213AF730}
		{84BC6711-9613-4305-9345-60E6831B7907} = {44315A95-0586-4063-B4F8-0E65213AF730}
		{68695AB4-659F-42D9-86E5-8CD996DB6B85} = {44315A95-0586-4063-B4F8-0E65213AF730}
		{AF28F01F-CF14-4126-B59A-FF94F3EDDB37} = {44315A95-0586-4063-B4F8-0E65213AF730}
	EndGlobalSection
EndGlobal
